{
  "lockfileVersion": 1,
  "workspaces": {
    "": {
      "name": "@phenomen/foundry-vtt-ru",
      "devDependencies": {
        "@biomejs/biome": "^2.2.6",
        "oxlint": "^1.23.0",
        "vite": "npm:rolldown-vite@7.1.17",
      },
    },
  },
  "packages": {
    "@biomejs/biome": ["@biomejs/biome@2.2.6", "", { "optionalDependencies": { "@biomejs/cli-darwin-arm64": "2.2.6", "@biomejs/cli-darwin-x64": "2.2.6", "@biomejs/cli-linux-arm64": "2.2.6", "@biomejs/cli-linux-arm64-musl": "2.2.6", "@biomejs/cli-linux-x64": "2.2.6", "@biomejs/cli-linux-x64-musl": "2.2.6", "@biomejs/cli-win32-arm64": "2.2.6", "@biomejs/cli-win32-x64": "2.2.6" }, "bin": { "biome": "bin/biome" } }, "sha512-yKTCNGhek0rL5OEW1jbLeZX8LHaM8yk7+3JRGv08my+gkpmtb5dDE+54r2ZjZx0ediFEn1pYBOJSmOdDP9xtFw=="],

    "@biomejs/cli-darwin-arm64": ["@biomejs/cli-darwin-arm64@2.2.6", "", { "os": "darwin", "cpu": "arm64" }, "sha512-UZPmn3M45CjTYulgcrFJFZv7YmK3pTxTJDrFYlNElT2FNnkkX4fsxjExTSMeWKQYoZjvekpH5cvrYZZlWu3yfA=="],

    "@biomejs/cli-darwin-x64": ["@biomejs/cli-darwin-x64@2.2.6", "", { "os": "darwin", "cpu": "x64" }, "sha512-HOUIquhHVgh/jvxyClpwlpl/oeMqntlteL89YqjuFDiZ091P0vhHccwz+8muu3nTyHWM5FQslt+4Jdcd67+xWQ=="],

    "@biomejs/cli-linux-arm64": ["@biomejs/cli-linux-arm64@2.2.6", "", { "os": "linux", "cpu": "arm64" }, "sha512-BpGtuMJGN+o8pQjvYsUKZ+4JEErxdSmcRD/JG3mXoWc6zrcA7OkuyGFN1mDggO0Q1n7qXxo/PcupHk8gzijt5g=="],

    "@biomejs/cli-linux-arm64-musl": ["@biomejs/cli-linux-arm64-musl@2.2.6", "", { "os": "linux", "cpu": "arm64" }, "sha512-TjCenQq3N6g1C+5UT3jE1bIiJb5MWQvulpUngTIpFsL4StVAUXucWD0SL9MCW89Tm6awWfeXBbZBAhJwjyFbRQ=="],

    "@biomejs/cli-linux-x64": ["@biomejs/cli-linux-x64@2.2.6", "", { "os": "linux", "cpu": "x64" }, "sha512-1HaM/dpI/1Z68zp8ZdT6EiBq+/O/z97a2AiHMl+VAdv5/ELckFt9EvRb8hDHpk8hUMoz03gXkC7VPXOVtU7faA=="],

    "@biomejs/cli-linux-x64-musl": ["@biomejs/cli-linux-x64-musl@2.2.6", "", { "os": "linux", "cpu": "x64" }, "sha512-1ZcBux8zVM3JhWN2ZCPaYf0+ogxXG316uaoXJdgoPZcdK/rmRcRY7PqHdAos2ExzvjIdvhQp72UcveI98hgOog=="],

    "@biomejs/cli-win32-arm64": ["@biomejs/cli-win32-arm64@2.2.6", "", { "os": "win32", "cpu": "arm64" }, "sha512-h3A88G8PGM1ryTeZyLlSdfC/gz3e95EJw9BZmA6Po412DRqwqPBa2Y9U+4ZSGUAXCsnSQE00jLV8Pyrh0d+jQw=="],

    "@biomejs/cli-win32-x64": ["@biomejs/cli-win32-x64@2.2.6", "", { "os": "win32", "cpu": "x64" }, "sha512-yx0CqeOhPjYQ5ZXgPfu8QYkgBhVJyvWe36as7jRuPrKPO5ylVDfwVtPQ+K/mooNTADW0IhxOZm3aPu16dP8yNQ=="],

    "@emnapi/core": ["@emnapi/core@1.5.0", "", { "dependencies": { "@emnapi/wasi-threads": "1.1.0", "tslib": "^2.4.0" } }, "sha512-sbP8GzB1WDzacS8fgNPpHlp6C9VZe+SJP3F90W9rLemaQj2PzIuTEl1qDOYQf58YIpyjViI24y9aPWCjEzY2cg=="],

    "@emnapi/runtime": ["@emnapi/runtime@1.5.0", "", { "dependencies": { "tslib": "^2.4.0" } }, "sha512-97/BJ3iXHww3djw6hYIfErCZFee7qCtrneuLa20UXFCOTCfBM2cvQHjWJ2EG0s0MtdNwInarqCTz35i4wWXHsQ=="],

    "@emnapi/wasi-threads": ["@emnapi/wasi-threads@1.1.0", "", { "dependencies": { "tslib": "^2.4.0" } }, "sha512-WI0DdZ8xFSbgMjR1sFsKABJ/C5OnRrjT06JXbZKexJGrDuPTzZdDYfFlsgcCXCyf+suG5QU2e/y1Wo2V/OapLQ=="],

    "@napi-rs/wasm-runtime": ["@napi-rs/wasm-runtime@1.0.7", "", { "dependencies": { "@emnapi/core": "^1.5.0", "@emnapi/runtime": "^1.5.0", "@tybys/wasm-util": "^0.10.1" } }, "sha512-SeDnOO0Tk7Okiq6DbXmmBODgOAb9dp9gjlphokTUxmt8U3liIP1ZsozBahH69j/RJv+Rfs6IwUKHTgQYJ/HBAw=="],

    "@oxc-project/runtime": ["@oxc-project/runtime@0.92.0", "", {}, "sha512-Z7x2dZOmznihvdvCvLKMl+nswtOSVxS2H2ocar+U9xx6iMfTp0VGIrX6a4xB1v80IwOPC7dT1LXIJrY70Xu3Jw=="],

    "@oxc-project/types": ["@oxc-project/types@0.94.0", "", {}, "sha512-+UgQT/4o59cZfH6Cp7G0hwmqEQ0wE+AdIwhikdwnhWI9Dp8CgSY081+Q3O67/wq3VJu8mgUEB93J9EHHn70fOw=="],

    "@oxlint/darwin-arm64": ["@oxlint/darwin-arm64@1.23.0", "", { "os": "darwin", "cpu": "arm64" }, "sha512-sbxoftgEMKmZQO7O4wHR9Rs7MfiHa2UH2x4QJDoc4LXqSCsI4lUIJbFQ05vX+zOUbt7CQMPdxEzExd4DqeKY2w=="],

    "@oxlint/darwin-x64": ["@oxlint/darwin-x64@1.23.0", "", { "os": "darwin", "cpu": "x64" }, "sha512-PjByWr1TlwHQiOqEc8CPyXCT4wnujSK3n9l1m4un0Eh0uLJEDG5WM9tyDWOGuakC0Ika9/SMp0HDRg3ySchRRA=="],

    "@oxlint/linux-arm64-gnu": ["@oxlint/linux-arm64-gnu@1.23.0", "", { "os": "linux", "cpu": "arm64" }, "sha512-sWlCwQ6xKeKC08qU3SfozqpRGCLJiO/onPYFJKEHbjzHkFp+OubOacFaT4ePcka28jCU1TvQ7Gi5BVQRncr0Xg=="],

    "@oxlint/linux-arm64-musl": ["@oxlint/linux-arm64-musl@1.23.0", "", { "os": "linux", "cpu": "arm64" }, "sha512-MPkmSiezuVgjMbzDSkRhENdnb038JOI+OTpBrOho2crbCAuqSRvyFwkMRhncJGZskzo1yeKxrKXB8T83ofmSXw=="],

    "@oxlint/linux-x64-gnu": ["@oxlint/linux-x64-gnu@1.23.0", "", { "os": "linux", "cpu": "x64" }, "sha512-F6H9wmLfjBoNqtsgyg3P9abLnkVjNbCAnISKdRtDl7HvkMs4s/eU8np9+tSnqPeKOTBhkS+h/VSWgPGZTqIWQA=="],

    "@oxlint/linux-x64-musl": ["@oxlint/linux-x64-musl@1.23.0", "", { "os": "linux", "cpu": "x64" }, "sha512-Xra0Cow35mAku8mbUbviPRalTU4Ct6MXQ1Eue8GmN4HFkjosrNa5qfy7QkJBqzjiI+JdnHxPXwackGn92/XOQw=="],

    "@oxlint/win32-arm64": ["@oxlint/win32-arm64@1.23.0", "", { "os": "win32", "cpu": "arm64" }, "sha512-FR+I+uGD3eFzTfBw87QRr+Y1jBYil3TqPM0wkSvuf3gOJTEXAfSkh9QHCgQqrseW3HDW7YJJ8ty1+sU31H/N4g=="],

    "@oxlint/win32-x64": ["@oxlint/win32-x64@1.23.0", "", { "os": "win32", "cpu": "x64" }, "sha512-/oX0b26YIC1OgS5B+G8Ux1Vs/PIjOP4CBRzsPpYr0T+RoboJ3ZuV32bztLRggJKQqIlozcqiRo9fl/UMOMp8kQ=="],

    "@rolldown/binding-android-arm64": ["@rolldown/binding-android-arm64@1.0.0-beta.43", "", { "os": "android", "cpu": "arm64" }, "sha512-TP8bcPOb1s6UmY5syhXrDn9k0XkYcw+XaoylTN4cJxf0JOVS2j682I3aTcpfT51hOFGr2bRwNKN9RZ19XxeQbA=="],

    "@rolldown/binding-darwin-arm64": ["@rolldown/binding-darwin-arm64@1.0.0-beta.43", "", { "os": "darwin", "cpu": "arm64" }, "sha512-kuVWnZsE4vEjMF/10SbSUyzucIW2zmdsqFghYMqy+fsjXnRHg0luTU6qWF8IqJf4Cbpm9NEZRnjIEPpAbdiSNQ=="],

    "@rolldown/binding-darwin-x64": ["@rolldown/binding-darwin-x64@1.0.0-beta.43", "", { "os": "darwin", "cpu": "x64" }, "sha512-u9Ps4sh6lcmJ3vgLtyEg/x4jlhI64U0mM93Ew+tlfFdLDe7yKyA+Fe80cpr2n1mNCeZXrvTSbZluKpXQ0GxLjw=="],

    "@rolldown/binding-freebsd-x64": ["@rolldown/binding-freebsd-x64@1.0.0-beta.43", "", { "os": "freebsd", "cpu": "x64" }, "sha512-h9lUtVtXgfbk/tnicMpbFfZ3DJvk5Zn2IvmlC1/e0+nUfwoc/TFqpfrRRqcNBXk/e+xiWMSKv6b0MF8N+Rtvlg=="],

    "@rolldown/binding-linux-arm-gnueabihf": ["@rolldown/binding-linux-arm-gnueabihf@1.0.0-beta.43", "", { "os": "linux", "cpu": "arm" }, "sha512-IX2C6bA6wM2rX/RvD75ko+ix9yxPKjKGGq7pOhB8wGI4Z4fqX5B1nDHga/qMDmAdCAR1m9ymzxkmqhm/AFYf7A=="],

    "@rolldown/binding-linux-arm64-gnu": ["@rolldown/binding-linux-arm64-gnu@1.0.0-beta.43", "", { "os": "linux", "cpu": "arm64" }, "sha512-mcjd57vEj+CEQbZAzUiaxNzNgwwgOpFtZBWcINm8DNscvkXl5b/s622Z1dqGNWSdrZmdjdC6LWMvu8iHM6v9sQ=="],

    "@rolldown/binding-linux-arm64-musl": ["@rolldown/binding-linux-arm64-musl@1.0.0-beta.43", "", { "os": "linux", "cpu": "arm64" }, "sha512-Pa8QMwlkrztTo/1mVjZmPIQ44tCSci10TBqxzVBvXVA5CFh5EpiEi99fPSll2dHG2uT4dCOMeC6fIhyDdb0zXA=="],

    "@rolldown/binding-linux-x64-gnu": ["@rolldown/binding-linux-x64-gnu@1.0.0-beta.43", "", { "os": "linux", "cpu": "x64" }, "sha512-BgynXKMjeaX4AfWLARhOKDetBOOghnSiVRjAHVvhiAaDXgdQN8e65mSmXRiVoVtD3cHXx/cfU8Gw0p0K+qYKVQ=="],

    "@rolldown/binding-linux-x64-musl": ["@rolldown/binding-linux-x64-musl@1.0.0-beta.43", "", { "os": "linux", "cpu": "x64" }, "sha512-VIsoPlOB/tDSAw9CySckBYysoIBqLeps1/umNSYUD8pMtalJyzMTneAVI1HrUdf4ceFmQ5vARoLIXSsPwVFxNg=="],

    "@rolldown/binding-openharmony-arm64": ["@rolldown/binding-openharmony-arm64@1.0.0-beta.43", "", { "os": "none", "cpu": "arm64" }, "sha512-YDXTxVJG67PqTQMKyjVJSddoPbSWJ4yRz/E3xzTLHqNrTDGY0UuhG8EMr8zsYnfH/0cPFJ3wjQd/hJWHuR6nkA=="],

    "@rolldown/binding-wasm32-wasi": ["@rolldown/binding-wasm32-wasi@1.0.0-beta.43", "", { "dependencies": { "@napi-rs/wasm-runtime": "^1.0.7" }, "cpu": "none" }, "sha512-3M+2DmorXvDuAIGYQ9Z93Oy1G9ETkejLwdXXb1uRTgKN9pMcu7N+KG2zDrJwqyxeeLIFE22AZGtSJm3PJbNu9Q=="],

    "@rolldown/binding-win32-arm64-msvc": ["@rolldown/binding-win32-arm64-msvc@1.0.0-beta.43", "", { "os": "win32", "cpu": "arm64" }, "sha512-/B1j1pJs33y9ywtslOMxryUPHq8zIGu/OGEc2gyed0slimJ8fX2uR/SaJVhB4+NEgCFIeYDR4CX6jynAkeRuCA=="],

    "@rolldown/binding-win32-ia32-msvc": ["@rolldown/binding-win32-ia32-msvc@1.0.0-beta.43", "", { "os": "win32", "cpu": "ia32" }, "sha512-29oG1swCz7hNP+CQYrsM4EtylsKwuYzM8ljqbqC5TsQwmKat7P8ouDpImsqg/GZxFSXcPP9ezQm0Q0wQwGM3JA=="],

    "@rolldown/binding-win32-x64-msvc": ["@rolldown/binding-win32-x64-msvc@1.0.0-beta.43", "", { "os": "win32", "cpu": "x64" }, "sha512-eWBV1Ef3gfGNehxVGCyXs7wLayRIgCmyItuCZwYYXW5bsk4EvR4n2GP5m3ohjnx7wdiY3nLmwQfH2Knb5gbNZw=="],

    "@rolldown/pluginutils": ["@rolldown/pluginutils@1.0.0-beta.43", "", {}, "sha512-5Uxg7fQUCmfhax7FJke2+8B6cqgeUJUD9o2uXIKXhD+mG0mL6NObmVoi9wXEU1tY89mZKgAYA6fTbftx3q2ZPQ=="],

    "@tybys/wasm-util": ["@tybys/wasm-util@0.10.1", "", { "dependencies": { "tslib": "^2.4.0" } }, "sha512-9tTaPJLSiejZKx+Bmog4uSubteqTvFrVrURwkmHixBo0G4seD0zUxp98E1DzUBJxLQ3NPwXrGKDiVjwx/DpPsg=="],

    "ansis": ["ansis@4.2.0", "", {}, "sha512-HqZ5rWlFjGiV0tDm3UxxgNRqsOTniqoKZu0pIAfh7TZQMGuZK+hH0drySty0si0QXj1ieop4+SkSfPZBPPkHig=="],

    "detect-libc": ["detect-libc@2.1.2", "", {}, "sha512-Btj2BOOO83o3WyH59e8MgXsxEQVcarkUOpEYrubB0urwnN10yQ364rsiByU11nZlqWYZm05i/of7io4mzihBtQ=="],

    "fdir": ["fdir@6.5.0", "", { "peerDependencies": { "picomatch": "^3 || ^4" }, "optionalPeers": ["picomatch"] }, "sha512-tIbYtZbucOs0BRGqPJkshJUYdL+SDH7dVM8gjy+ERp3WAUjLEFJE+02kanyHtwjWOnwrKYBiwAmM0p4kLJAnXg=="],

    "fsevents": ["fsevents@2.3.3", "", { "os": "darwin" }, "sha512-5xoDfX+fL7faATnagmWPpbFtwh/R77WmMMqqHGS65C3vvB0YHrgF+B1YmZ3441tMj5n63k0212XNoJwzlhffQw=="],

    "lightningcss": ["lightningcss@1.30.2", "", { "dependencies": { "detect-libc": "^2.0.3" }, "optionalDependencies": { "lightningcss-android-arm64": "1.30.2", "lightningcss-darwin-arm64": "1.30.2", "lightningcss-darwin-x64": "1.30.2", "lightningcss-freebsd-x64": "1.30.2", "lightningcss-linux-arm-gnueabihf": "1.30.2", "lightningcss-linux-arm64-gnu": "1.30.2", "lightningcss-linux-arm64-musl": "1.30.2", "lightningcss-linux-x64-gnu": "1.30.2", "lightningcss-linux-x64-musl": "1.30.2", "lightningcss-win32-arm64-msvc": "1.30.2", "lightningcss-win32-x64-msvc": "1.30.2" } }, "sha512-utfs7Pr5uJyyvDETitgsaqSyjCb2qNRAtuqUeWIAKztsOYdcACf2KtARYXg2pSvhkt+9NfoaNY7fxjl6nuMjIQ=="],

    "lightningcss-android-arm64": ["lightningcss-android-arm64@1.30.2", "", { "os": "android", "cpu": "arm64" }, "sha512-BH9sEdOCahSgmkVhBLeU7Hc9DWeZ1Eb6wNS6Da8igvUwAe0sqROHddIlvU06q3WyXVEOYDZ6ykBZQnjTbmo4+A=="],

    "lightningcss-darwin-arm64": ["lightningcss-darwin-arm64@1.30.2", "", { "os": "darwin", "cpu": "arm64" }, "sha512-ylTcDJBN3Hp21TdhRT5zBOIi73P6/W0qwvlFEk22fkdXchtNTOU4Qc37SkzV+EKYxLouZ6M4LG9NfZ1qkhhBWA=="],

    "lightningcss-darwin-x64": ["lightningcss-darwin-x64@1.30.2", "", { "os": "darwin", "cpu": "x64" }, "sha512-oBZgKchomuDYxr7ilwLcyms6BCyLn0z8J0+ZZmfpjwg9fRVZIR5/GMXd7r9RH94iDhld3UmSjBM6nXWM2TfZTQ=="],

    "lightningcss-freebsd-x64": ["lightningcss-freebsd-x64@1.30.2", "", { "os": "freebsd", "cpu": "x64" }, "sha512-c2bH6xTrf4BDpK8MoGG4Bd6zAMZDAXS569UxCAGcA7IKbHNMlhGQ89eRmvpIUGfKWNVdbhSbkQaWhEoMGmGslA=="],

    "lightningcss-linux-arm-gnueabihf": ["lightningcss-linux-arm-gnueabihf@1.30.2", "", { "os": "linux", "cpu": "arm" }, "sha512-eVdpxh4wYcm0PofJIZVuYuLiqBIakQ9uFZmipf6LF/HRj5Bgm0eb3qL/mr1smyXIS1twwOxNWndd8z0E374hiA=="],

    "lightningcss-linux-arm64-gnu": ["lightningcss-linux-arm64-gnu@1.30.2", "", { "os": "linux", "cpu": "arm64" }, "sha512-UK65WJAbwIJbiBFXpxrbTNArtfuznvxAJw4Q2ZGlU8kPeDIWEX1dg3rn2veBVUylA2Ezg89ktszWbaQnxD/e3A=="],

    "lightningcss-linux-arm64-musl": ["lightningcss-linux-arm64-musl@1.30.2", "", { "os": "linux", "cpu": "arm64" }, "sha512-5Vh9dGeblpTxWHpOx8iauV02popZDsCYMPIgiuw97OJ5uaDsL86cnqSFs5LZkG3ghHoX5isLgWzMs+eD1YzrnA=="],

    "lightningcss-linux-x64-gnu": ["lightningcss-linux-x64-gnu@1.30.2", "", { "os": "linux", "cpu": "x64" }, "sha512-Cfd46gdmj1vQ+lR6VRTTadNHu6ALuw2pKR9lYq4FnhvgBc4zWY1EtZcAc6EffShbb1MFrIPfLDXD6Xprbnni4w=="],

    "lightningcss-linux-x64-musl": ["lightningcss-linux-x64-musl@1.30.2", "", { "os": "linux", "cpu": "x64" }, "sha512-XJaLUUFXb6/QG2lGIW6aIk6jKdtjtcffUT0NKvIqhSBY3hh9Ch+1LCeH80dR9q9LBjG3ewbDjnumefsLsP6aiA=="],

    "lightningcss-win32-arm64-msvc": ["lightningcss-win32-arm64-msvc@1.30.2", "", { "os": "win32", "cpu": "arm64" }, "sha512-FZn+vaj7zLv//D/192WFFVA0RgHawIcHqLX9xuWiQt7P0PtdFEVaxgF9rjM/IRYHQXNnk61/H/gb2Ei+kUQ4xQ=="],

    "lightningcss-win32-x64-msvc": ["lightningcss-win32-x64-msvc@1.30.2", "", { "os": "win32", "cpu": "x64" }, "sha512-5g1yc73p+iAkid5phb4oVFMB45417DkRevRbt/El/gKXJk4jid+vPFF/AXbxn05Aky8PapwzZrdJShv5C0avjw=="],

    "nanoid": ["nanoid@3.3.11", "", { "bin": { "nanoid": "bin/nanoid.cjs" } }, "sha512-N8SpfPUnUp1bK+PMYW8qSWdl9U+wwNWI4QKxOYDy9JAro3WMX7p2OeVRF9v+347pnakNevPmiHhNmZ2HbFA76w=="],

    "oxlint": ["oxlint@1.23.0", "", { "optionalDependencies": { "@oxlint/darwin-arm64": "1.23.0", "@oxlint/darwin-x64": "1.23.0", "@oxlint/linux-arm64-gnu": "1.23.0", "@oxlint/linux-arm64-musl": "1.23.0", "@oxlint/linux-x64-gnu": "1.23.0", "@oxlint/linux-x64-musl": "1.23.0", "@oxlint/win32-arm64": "1.23.0", "@oxlint/win32-x64": "1.23.0" }, "peerDependencies": { "oxlint-tsgolint": ">=0.2.0" }, "optionalPeers": ["oxlint-tsgolint"], "bin": { "oxlint": "bin/oxlint", "oxc_language_server": "bin/oxc_language_server" } }, "sha512-cLVdSE7Bza8npm+PffU0oufs15+M5uSMbQn0k2fJCayWU0xqQ3dyA3w9tEk8lgNOk1j1VJEdYctz64Vik8VG1w=="],

    "picocolors": ["picocolors@1.1.1", "", {}, "sha512-xceH2snhtb5M9liqDsmEw56le376mTZkEX/jEb/RxNFyegNul7eNslCXP9FDj/Lcu0X8KEyMceP2ntpaHrDEVA=="],

    "picomatch": ["picomatch@4.0.3", "", {}, "sha512-5gTmgEY/sqK6gFXLIsQNH19lWb4ebPDLA4SdLP7dsWkIXHWlG66oPuVvXSGFPppYZz8ZDZq0dYYrbHfBCVUb1Q=="],

    "postcss": ["postcss@8.5.6", "", { "dependencies": { "nanoid": "^3.3.11", "picocolors": "^1.1.1", "source-map-js": "^1.2.1" } }, "sha512-3Ybi1tAuwAP9s0r1UQ2J4n5Y0G05bJkpUIO0/bI9MhwmD70S5aTWbXGBwxHrelT+XM1k6dM0pk+SwNkpTRN7Pg=="],

    "rolldown": ["rolldown@1.0.0-beta.43", "", { "dependencies": { "@oxc-project/types": "=0.94.0", "@rolldown/pluginutils": "1.0.0-beta.43", "ansis": "=4.2.0" }, "optionalDependencies": { "@rolldown/binding-android-arm64": "1.0.0-beta.43", "@rolldown/binding-darwin-arm64": "1.0.0-beta.43", "@rolldown/binding-darwin-x64": "1.0.0-beta.43", "@rolldown/binding-freebsd-x64": "1.0.0-beta.43", "@rolldown/binding-linux-arm-gnueabihf": "1.0.0-beta.43", "@rolldown/binding-linux-arm64-gnu": "1.0.0-beta.43", "@rolldown/binding-linux-arm64-musl": "1.0.0-beta.43", "@rolldown/binding-linux-x64-gnu": "1.0.0-beta.43", "@rolldown/binding-linux-x64-musl": "1.0.0-beta.43", "@rolldown/binding-openharmony-arm64": "1.0.0-beta.43", "@rolldown/binding-wasm32-wasi": "1.0.0-beta.43", "@rolldown/binding-win32-arm64-msvc": "1.0.0-beta.43", "@rolldown/binding-win32-ia32-msvc": "1.0.0-beta.43", "@rolldown/binding-win32-x64-msvc": "1.0.0-beta.43" }, "bin": { "rolldown": "bin/cli.mjs" } }, "sha512-6RcqyRx0tY1MlRLnjXPp/849Rl/CPFhzpGGwNPEPjKwqBMqPq/Rbbkxasa8s0x+IkUk46ty4jazb5skZ/Vgdhw=="],

    "source-map-js": ["source-map-js@1.2.1", "", {}, "sha512-UXWMKhLOwVKb728IUtQPXxfYU+usdybtUrK/8uGE8CQMvrhOpwvzDBwj0QhSL7MQc7vIsISBG8VQ8+IDQxpfQA=="],

    "tinyglobby": ["tinyglobby@0.2.15", "", { "dependencies": { "fdir": "^6.5.0", "picomatch": "^4.0.3" } }, "sha512-j2Zq4NyQYG5XMST4cbs02Ak8iJUdxRM0XI5QyxXuZOzKOINmWurp3smXu3y5wDcJrptwpSjgXHzIQxR0omXljQ=="],

    "tslib": ["tslib@2.8.1", "", {}, "sha512-oJFu94HQb+KVduSUQL7wnpmqnfmLsOA/nAh6b6EH0wCEoK0/mPeXU6c3wKDV83MkOuHPRHtSXKKU99IBazS/2w=="],

    "vite": ["rolldown-vite@7.1.17", "", { "dependencies": { "@oxc-project/runtime": "0.92.0", "fdir": "^6.5.0", "lightningcss": "^1.30.2", "picomatch": "^4.0.3", "postcss": "^8.5.6", "rolldown": "1.0.0-beta.43", "tinyglobby": "^0.2.15" }, "optionalDependencies": { "fsevents": "~2.3.3" }, "peerDependencies": { "@types/node": "^20.19.0 || >=22.12.0", "esbuild": "^0.25.0", "jiti": ">=1.21.0", "less": "^4.0.0", "sass": "^1.70.0", "sass-embedded": "^1.70.0", "stylus": ">=0.54.8", "sugarss": "^5.0.0", "terser": "^5.16.0", "tsx": "^4.8.1", "yaml": "^2.4.2" }, "optionalPeers": ["@types/node", "esbuild", "jiti", "less", "sass", "sass-embedded", "stylus", "sugarss", "terser", "tsx", "yaml"], "bin": { "vite": "bin/vite.js" } }, "sha512-bNUI0r4RuZxLeip7sOcZK3y4eYUcMAMM6ys68tbU/KWDH8lqaPFYE03Doc04Dz94jHmVg1OWyeBqlDOYntsLsA=="],
  }
}
