{
  "lockfileVersion": 1,
  "workspaces": {
    "": {
      "name": "@phenomen/foundry-vtt-ru",
      "devDependencies": {
        "@biomejs/biome": "beta",
        "vite": "npm:rolldown-vite@latest",
      },
    },
  },
  "trustedDependencies": [
    "@biomejs/biome",
  ],
  "overrides": {
    "vite": "npm:rolldown-vite@latest",
  },
  "packages": {
    "@biomejs/biome": ["@biomejs/biome@2.0.0-beta.6", "", { "optionalDependencies": { "@biomejs/cli-darwin-arm64": "2.0.0-beta.6", "@biomejs/cli-darwin-x64": "2.0.0-beta.6", "@biomejs/cli-linux-arm64": "2.0.0-beta.6", "@biomejs/cli-linux-arm64-musl": "2.0.0-beta.6", "@biomejs/cli-linux-x64": "2.0.0-beta.6", "@biomejs/cli-linux-x64-musl": "2.0.0-beta.6", "@biomejs/cli-win32-arm64": "2.0.0-beta.6", "@biomejs/cli-win32-x64": "2.0.0-beta.6" }, "bin": { "biome": "bin/biome" } }, "sha512-14vw9b5QJxrcP7WLkCeRiB/fft9wNZwx6yEiikBDxFbN7IAp39Xtvt/gJPq4ifhZ5IS25CnQEAkLLwfBIDMjsA=="],

    "@biomejs/cli-darwin-arm64": ["@biomejs/cli-darwin-arm64@2.0.0-beta.6", "", { "os": "darwin", "cpu": "arm64" }, "sha512-L7PBLJlGTz5anougOMJQvEbzgG9sT1wKIXvgjFhu0dIsDZ/px2caWFCnv7Q9L2K0+yF08EYRTTZVvoVO5D//sQ=="],

    "@biomejs/cli-darwin-x64": ["@biomejs/cli-darwin-x64@2.0.0-beta.6", "", { "os": "darwin", "cpu": "x64" }, "sha512-ekhOOyhcVJ1ZRqHjq+eUOv8/3XMRKQ9Qf0URuO/PvHgopejv+PEoix0RIyxholYELKc049M4J3IJgsX4q2pZzw=="],

    "@biomejs/cli-linux-arm64": ["@biomejs/cli-linux-arm64@2.0.0-beta.6", "", { "os": "linux", "cpu": "arm64" }, "sha512-pu+rCLI36ziPtwnJY53HRr154711uVeCt1i2KNXehvwNZZMK141wwg4yPkXkBdBvw7H7sez0HE/rCQR2fByJnQ=="],

    "@biomejs/cli-linux-arm64-musl": ["@biomejs/cli-linux-arm64-musl@2.0.0-beta.6", "", { "os": "linux", "cpu": "arm64" }, "sha512-70WOWJI1/vZ97OUAt6r9HpiP5+vlL7yAdIoVQzVLjQy1TArfltN38KKqp9fnhgX173liUh0gry//MrWkKHYrIQ=="],

    "@biomejs/cli-linux-x64": ["@biomejs/cli-linux-x64@2.0.0-beta.6", "", { "os": "linux", "cpu": "x64" }, "sha512-emqZAuAyRw4Ug4B+CTgozIxVg1QLol28oZyIWuIjWEDr7eOo6Ek9zSZGeusmbwIEPu6r6qon8JAV6OdukxEwIg=="],

    "@biomejs/cli-linux-x64-musl": ["@biomejs/cli-linux-x64-musl@2.0.0-beta.6", "", { "os": "linux", "cpu": "x64" }, "sha512-G9ZIoaNs6q9+mOoMURoXvNRfCOs28jrS4R8+3/y0h9ttOXpd4VALPOAfjzBGPpMd/4RoEMHXw/1Ts4dKvrv9zw=="],

    "@biomejs/cli-win32-arm64": ["@biomejs/cli-win32-arm64@2.0.0-beta.6", "", { "os": "win32", "cpu": "arm64" }, "sha512-JijYVZC6R5qq94yLaElowLLzbZ4xR2qDiOVPQV8H1+ru3IqVOjQu5f/lIt4uuea1iRFbxS+mOaxOZM9tUl1pTQ=="],

    "@biomejs/cli-win32-x64": ["@biomejs/cli-win32-x64@2.0.0-beta.6", "", { "os": "win32", "cpu": "x64" }, "sha512-zs29t/nxon11dKV+ckQB1yUOmhYx17e2+cHGK8PCVamqVGSMbjrd5evjtlfbnVJXP0ar7nNKhcg4ZWYGJ6aR1w=="],

    "@emnapi/core": ["@emnapi/core@1.4.3", "", { "dependencies": { "@emnapi/wasi-threads": "1.0.2", "tslib": "^2.4.0" } }, "sha512-4m62DuCE07lw01soJwPiBGC0nAww0Q+RY70VZ+n49yDIO13yyinhbWCeNnaob0lakDtWQzSdtNWzJeOJt2ma+g=="],

    "@emnapi/runtime": ["@emnapi/runtime@1.4.3", "", { "dependencies": { "tslib": "^2.4.0" } }, "sha512-pBPWdu6MLKROBX05wSNKcNb++m5Er+KQ9QkB+WVM+pW2Kx9hoSrVTnu3BdkI5eBLZoKu/J6mW/B6i6bJB2ytXQ=="],

    "@emnapi/wasi-threads": ["@emnapi/wasi-threads@1.0.2", "", { "dependencies": { "tslib": "^2.4.0" } }, "sha512-5n3nTJblwRi8LlXkJ9eBzu+kZR8Yxcc7ubakyQTFzPMtIhFpUBRbsnc2Dv88IZDIbCDlBiWrknhB4Lsz7mg6BA=="],

    "@napi-rs/wasm-runtime": ["@napi-rs/wasm-runtime@0.2.10", "", { "dependencies": { "@emnapi/core": "^1.4.3", "@emnapi/runtime": "^1.4.3", "@tybys/wasm-util": "^0.9.0" } }, "sha512-bCsCyeZEwVErsGmyPNSzwfwFn4OdxBj0mmv6hOFucB/k81Ojdu68RbZdxYsRQUPc9l6SU5F/cG+bXgWs3oUgsQ=="],

    "@oxc-project/runtime": ["@oxc-project/runtime@0.72.3", "", {}, "sha512-FtOS+0v7rZcnjXzYTTqv1vu/KDptD1UztFgoZkYBGe/6TcNFm+SP/jQoLvzau1SPir95WgDOBOUm2Gmsm+bQag=="],

    "@oxc-project/types": ["@oxc-project/types@0.72.3", "", {}, "sha512-CfAC4wrmMkUoISpQkFAIfMVvlPfQV3xg7ZlcqPXPOIMQhdKIId44G8W0mCPgtpWdFFAyJ+SFtiM+9vbyCkoVng=="],

    "@rolldown/binding-darwin-arm64": ["@rolldown/binding-darwin-arm64@1.0.0-beta.15", "", { "os": "darwin", "cpu": "arm64" }, "sha512-YInZppDBLp5DadbJZGc7xBfDrMCSj3P6i2rPlvOCMlvjBQxJi2kX8Jquh+LufsWUiHD3JsvvH5EuUUc/tF5fkA=="],

    "@rolldown/binding-darwin-x64": ["@rolldown/binding-darwin-x64@1.0.0-beta.15", "", { "os": "darwin", "cpu": "x64" }, "sha512-Zwv8KHU/XdVwLseHG6slJ0FAFklPpiO0sjNvhrcMp1X3F2ajPzUdIO8Cnu3KLmX1GWVSvu6q1kyARLUqPvlh7Q=="],

    "@rolldown/binding-freebsd-x64": ["@rolldown/binding-freebsd-x64@1.0.0-beta.15", "", { "os": "freebsd", "cpu": "x64" }, "sha512-FwhNC23Fz9ldHW1/rX4QaoQe4kyOybCgxO9eglue3cbb3ol28KWpQl3xJfvXc9+O6PDefAs4oFBCbtTh8seiUw=="],

    "@rolldown/binding-linux-arm-gnueabihf": ["@rolldown/binding-linux-arm-gnueabihf@1.0.0-beta.15", "", { "os": "linux", "cpu": "arm" }, "sha512-E60pNliWl4j7EFEVX2oeJZ5VzR+NG6fvDJoqfqRfCl8wtKIf9E1WPWVQIrT+zkz+Fhc5op8g7h25z6rtxsDy9g=="],

    "@rolldown/binding-linux-arm64-gnu": ["@rolldown/binding-linux-arm64-gnu@1.0.0-beta.15", "", { "os": "linux", "cpu": "arm64" }, "sha512-d+qo1LZ/a3EcQW08byIIZy0PBthmG/7dr69pifmNIet/azWR8jbceQaRFFczVc/NwVV3fsZDCmjG8mgJzsNEAg=="],

    "@rolldown/binding-linux-arm64-musl": ["@rolldown/binding-linux-arm64-musl@1.0.0-beta.15", "", { "os": "linux", "cpu": "arm64" }, "sha512-P1hbtYF+5ftJI2Ergs4iARbAk6Xd6WnTQb3CF9kjN3KfJTsRYdo5/fvU8Lz/gzhZVvkCXXH3NxDd9308UBO8cw=="],

    "@rolldown/binding-linux-x64-gnu": ["@rolldown/binding-linux-x64-gnu@1.0.0-beta.15", "", { "os": "linux", "cpu": "x64" }, "sha512-Q9NM9uMFN9cjcrW7gd9U087B5WzkEj9dQQHOgoENZSy+vYJYS2fINCIG40ljEVC6jXmVrJgUhJKv7elRZM1nng=="],

    "@rolldown/binding-linux-x64-musl": ["@rolldown/binding-linux-x64-musl@1.0.0-beta.15", "", { "os": "linux", "cpu": "x64" }, "sha512-1tuCWuR8gx9PyW2pxAx2ZqnOnwhoY6NWBVP6ZmrjCKQ16NclYc61BzegFXSdugCy8w1QpBPT8/c5oh2W4E5aeA=="],

    "@rolldown/binding-wasm32-wasi": ["@rolldown/binding-wasm32-wasi@1.0.0-beta.15", "", { "dependencies": { "@napi-rs/wasm-runtime": "^0.2.10" }, "cpu": "none" }, "sha512-zrSeYrpTf27hRxMLh0qpkCoWgzRKG8EyR6o09Zt9xkqCOeE5tEK/S3jV1Nii9WSqVCWFRA+OYxKzMNoykV590g=="],

    "@rolldown/binding-win32-arm64-msvc": ["@rolldown/binding-win32-arm64-msvc@1.0.0-beta.15", "", { "os": "win32", "cpu": "arm64" }, "sha512-diR41DsMUnkvb9hvW8vuIrA0WaacAN1fu6lPseXhYifAOZN6kvxEwKn7Xib8i0zjdrYErLv7GNSQ48W+xiNOnA=="],

    "@rolldown/binding-win32-ia32-msvc": ["@rolldown/binding-win32-ia32-msvc@1.0.0-beta.15", "", { "os": "win32", "cpu": "ia32" }, "sha512-oCbbcDC3Lk8YgdxCkG23UqVrvXVvllIBgmmwq89bhq5okPP899OI/P+oTTDsUTbhljzNq1pH8a+mR6YBxAFfvw=="],

    "@rolldown/binding-win32-x64-msvc": ["@rolldown/binding-win32-x64-msvc@1.0.0-beta.15", "", { "os": "win32", "cpu": "x64" }, "sha512-w5hVsOv3dzKo10wAXizmnDvUo1yasn/ps+mcn9H9TiJ/GeRE5/15Y6hG6vUQYRQNLVbYRHUt2qG0MyOoasPcHg=="],

    "@rolldown/pluginutils": ["@rolldown/pluginutils@1.0.0-beta.15", "", {}, "sha512-lvFtIbidq5EqyAAeiVk41ZNjGRgUoGRBIuqpe1VRJ7R8Av7TLAgGWAwGlHNhO7MFkl7MNRX350CsTtIWIYkNIQ=="],

    "@tybys/wasm-util": ["@tybys/wasm-util@0.9.0", "", { "dependencies": { "tslib": "^2.4.0" } }, "sha512-6+7nlbMVX/PVDCwaIQ8nTOPveOcFLSt8GcXdx8hD0bt39uWxYT88uXzqTd4fTvqta7oeUJqudepapKNt2DYJFw=="],

    "ansis": ["ansis@4.1.0", "", {}, "sha512-BGcItUBWSMRgOCe+SVZJ+S7yTRG0eGt9cXAHev72yuGcY23hnLA7Bky5L/xLyPINoSN95geovfBkqoTlNZYa7w=="],

    "detect-libc": ["detect-libc@2.0.4", "", {}, "sha512-3UDv+G9CsCKO1WKMGw9fwq/SWJYbI0c5Y7LU1AXYoDdbhE2AHQ6N6Nb34sG8Fj7T5APy8qXDCKuuIHd1BR0tVA=="],

    "fdir": ["fdir@6.4.4", "", { "peerDependencies": { "picomatch": "^3 || ^4" }, "optionalPeers": ["picomatch"] }, "sha512-1NZP+GK4GfuAv3PqKvxQRDMjdSRZjnkq7KfhlNrCNNlZ0ygQFpebfrnfnq/W7fpUnAv9aGWmY1zKx7FYL3gwhg=="],

    "fsevents": ["fsevents@2.3.3", "", { "os": "darwin" }, "sha512-5xoDfX+fL7faATnagmWPpbFtwh/R77WmMMqqHGS65C3vvB0YHrgF+B1YmZ3441tMj5n63k0212XNoJwzlhffQw=="],

    "lightningcss": ["lightningcss@1.30.1", "", { "dependencies": { "detect-libc": "^2.0.3" }, "optionalDependencies": { "lightningcss-darwin-arm64": "1.30.1", "lightningcss-darwin-x64": "1.30.1", "lightningcss-freebsd-x64": "1.30.1", "lightningcss-linux-arm-gnueabihf": "1.30.1", "lightningcss-linux-arm64-gnu": "1.30.1", "lightningcss-linux-arm64-musl": "1.30.1", "lightningcss-linux-x64-gnu": "1.30.1", "lightningcss-linux-x64-musl": "1.30.1", "lightningcss-win32-arm64-msvc": "1.30.1", "lightningcss-win32-x64-msvc": "1.30.1" } }, "sha512-xi6IyHML+c9+Q3W0S4fCQJOym42pyurFiJUHEcEyHS0CeKzia4yZDEsLlqOFykxOdHpNy0NmvVO31vcSqAxJCg=="],

    "lightningcss-darwin-arm64": ["lightningcss-darwin-arm64@1.30.1", "", { "os": "darwin", "cpu": "arm64" }, "sha512-c8JK7hyE65X1MHMN+Viq9n11RRC7hgin3HhYKhrMyaXflk5GVplZ60IxyoVtzILeKr+xAJwg6zK6sjTBJ0FKYQ=="],

    "lightningcss-darwin-x64": ["lightningcss-darwin-x64@1.30.1", "", { "os": "darwin", "cpu": "x64" }, "sha512-k1EvjakfumAQoTfcXUcHQZhSpLlkAuEkdMBsI/ivWw9hL+7FtilQc0Cy3hrx0AAQrVtQAbMI7YjCgYgvn37PzA=="],

    "lightningcss-freebsd-x64": ["lightningcss-freebsd-x64@1.30.1", "", { "os": "freebsd", "cpu": "x64" }, "sha512-kmW6UGCGg2PcyUE59K5r0kWfKPAVy4SltVeut+umLCFoJ53RdCUWxcRDzO1eTaxf/7Q2H7LTquFHPL5R+Gjyig=="],

    "lightningcss-linux-arm-gnueabihf": ["lightningcss-linux-arm-gnueabihf@1.30.1", "", { "os": "linux", "cpu": "arm" }, "sha512-MjxUShl1v8pit+6D/zSPq9S9dQ2NPFSQwGvxBCYaBYLPlCWuPh9/t1MRS8iUaR8i+a6w7aps+B4N0S1TYP/R+Q=="],

    "lightningcss-linux-arm64-gnu": ["lightningcss-linux-arm64-gnu@1.30.1", "", { "os": "linux", "cpu": "arm64" }, "sha512-gB72maP8rmrKsnKYy8XUuXi/4OctJiuQjcuqWNlJQ6jZiWqtPvqFziskH3hnajfvKB27ynbVCucKSm2rkQp4Bw=="],

    "lightningcss-linux-arm64-musl": ["lightningcss-linux-arm64-musl@1.30.1", "", { "os": "linux", "cpu": "arm64" }, "sha512-jmUQVx4331m6LIX+0wUhBbmMX7TCfjF5FoOH6SD1CttzuYlGNVpA7QnrmLxrsub43ClTINfGSYyHe2HWeLl5CQ=="],

    "lightningcss-linux-x64-gnu": ["lightningcss-linux-x64-gnu@1.30.1", "", { "os": "linux", "cpu": "x64" }, "sha512-piWx3z4wN8J8z3+O5kO74+yr6ze/dKmPnI7vLqfSqI8bccaTGY5xiSGVIJBDd5K5BHlvVLpUB3S2YCfelyJ1bw=="],

    "lightningcss-linux-x64-musl": ["lightningcss-linux-x64-musl@1.30.1", "", { "os": "linux", "cpu": "x64" }, "sha512-rRomAK7eIkL+tHY0YPxbc5Dra2gXlI63HL+v1Pdi1a3sC+tJTcFrHX+E86sulgAXeI7rSzDYhPSeHHjqFhqfeQ=="],

    "lightningcss-win32-arm64-msvc": ["lightningcss-win32-arm64-msvc@1.30.1", "", { "os": "win32", "cpu": "arm64" }, "sha512-mSL4rqPi4iXq5YVqzSsJgMVFENoa4nGTT/GjO2c0Yl9OuQfPsIfncvLrEW6RbbB24WtZ3xP/2CCmI3tNkNV4oA=="],

    "lightningcss-win32-x64-msvc": ["lightningcss-win32-x64-msvc@1.30.1", "", { "os": "win32", "cpu": "x64" }, "sha512-PVqXh48wh4T53F/1CCu8PIPCxLzWyCnn/9T5W1Jpmdy5h9Cwd+0YQS6/LwhHXSafuc61/xg9Lv5OrCby6a++jg=="],

    "nanoid": ["nanoid@3.3.11", "", { "bin": { "nanoid": "bin/nanoid.cjs" } }, "sha512-N8SpfPUnUp1bK+PMYW8qSWdl9U+wwNWI4QKxOYDy9JAro3WMX7p2OeVRF9v+347pnakNevPmiHhNmZ2HbFA76w=="],

    "picocolors": ["picocolors@1.1.1", "", {}, "sha512-xceH2snhtb5M9liqDsmEw56le376mTZkEX/jEb/RxNFyegNul7eNslCXP9FDj/Lcu0X8KEyMceP2ntpaHrDEVA=="],

    "picomatch": ["picomatch@4.0.2", "", {}, "sha512-M7BAV6Rlcy5u+m6oPhAPFgJTzAioX/6B0DxyvDlo9l8+T3nLKbrczg2WLUyzd45L8RqfUMyGPzekbMvX2Ldkwg=="],

    "postcss": ["postcss@8.5.3", "", { "dependencies": { "nanoid": "^3.3.8", "picocolors": "^1.1.1", "source-map-js": "^1.2.1" } }, "sha512-dle9A3yYxlBSrt8Fu+IpjGT8SY8hN0mlaA6GY8t0P5PjIOZemULz/E2Bnm/2dcUOena75OTNkHI76uZBNUUq3A=="],

    "rolldown": ["rolldown@1.0.0-beta.15", "", { "dependencies": { "@oxc-project/runtime": "=0.72.3", "@oxc-project/types": "=0.72.3", "@rolldown/pluginutils": "1.0.0-beta.15", "ansis": "^4.0.0" }, "optionalDependencies": { "@rolldown/binding-darwin-arm64": "1.0.0-beta.15", "@rolldown/binding-darwin-x64": "1.0.0-beta.15", "@rolldown/binding-freebsd-x64": "1.0.0-beta.15", "@rolldown/binding-linux-arm-gnueabihf": "1.0.0-beta.15", "@rolldown/binding-linux-arm64-gnu": "1.0.0-beta.15", "@rolldown/binding-linux-arm64-musl": "1.0.0-beta.15", "@rolldown/binding-linux-x64-gnu": "1.0.0-beta.15", "@rolldown/binding-linux-x64-musl": "1.0.0-beta.15", "@rolldown/binding-wasm32-wasi": "1.0.0-beta.15", "@rolldown/binding-win32-arm64-msvc": "1.0.0-beta.15", "@rolldown/binding-win32-ia32-msvc": "1.0.0-beta.15", "@rolldown/binding-win32-x64-msvc": "1.0.0-beta.15" }, "bin": { "rolldown": "bin/cli.mjs" } }, "sha512-ep788NsIGl0W5gT+99hBrSGe4Hdhcwc55PqM3O0mR5H0C4ZpGpDGgu9YzTJ8a6mFDLnFnc/LYC+Dszb7oWK/dg=="],

    "source-map-js": ["source-map-js@1.2.1", "", {}, "sha512-UXWMKhLOwVKb728IUtQPXxfYU+usdybtUrK/8uGE8CQMvrhOpwvzDBwj0QhSL7MQc7vIsISBG8VQ8+IDQxpfQA=="],

    "tinyglobby": ["tinyglobby@0.2.13", "", { "dependencies": { "fdir": "^6.4.4", "picomatch": "^4.0.2" } }, "sha512-mEwzpUgrLySlveBwEVDMKk5B57bhLPYovRfPAXD5gA/98Opn0rCDj3GtLwFvCvH5RK9uPCExUROW5NjDwvqkxw=="],

    "tslib": ["tslib@2.8.1", "", {}, "sha512-oJFu94HQb+KVduSUQL7wnpmqnfmLsOA/nAh6b6EH0wCEoK0/mPeXU6c3wKDV83MkOuHPRHtSXKKU99IBazS/2w=="],

    "vite": ["rolldown-vite@6.3.19", "", { "dependencies": { "@oxc-project/runtime": "0.72.3", "fdir": "^6.4.4", "lightningcss": "^1.30.0", "picomatch": "^4.0.2", "postcss": "^8.5.3", "rolldown": "1.0.0-beta.15", "tinyglobby": "^0.2.13" }, "optionalDependencies": { "fsevents": "~2.3.3" }, "peerDependencies": { "@types/node": "^18.0.0 || ^20.0.0 || >=22.0.0", "esbuild": "^0.25.0", "jiti": ">=1.21.0", "less": "*", "sass": "*", "sass-embedded": "*", "stylus": "*", "sugarss": "*", "terser": "^5.16.0", "tsx": "^4.8.1", "yaml": "^2.4.2" }, "optionalPeers": ["@types/node", "esbuild", "jiti", "less", "sass", "sass-embedded", "stylus", "sugarss", "terser", "tsx", "yaml"], "bin": { "vite": "bin/vite.js" } }, "sha512-WhyqhhSrC46rh+r36Dk7B+WN3tVgzbCr5oKEZGHed7fxydNhHmantPY+U36g4wb+GT1dQypc7OeazoFAsbMyfg=="],
  }
}
